
Microsoft Visual Studio Solution File, Format Version 12.00
# Visual Studio 15
VisualStudioVersion = 15.0.28307.705
MinimumVisualStudioVersion = 10.0.40219.1
Project("{FAE04EC0-301F-11D3-BF4B-00C04F79EFBC}") = "SIMEDECON", "SIMEDECON\SIMEDECON.csproj", "{ED23A96F-D177-4BBA-8D4C-3DFD138552D2}"
EndProject
Project("{FAE04EC0-301F-11D3-BF4B-00C04F79EFBC}") = "SIMEDECON.Tests", "SIMEDECON.Tests\SIMEDECON.Tests.csproj", "{51B46516-CF59-498D-95C1-2B444024863D}"
EndProject
Global
	GlobalSection(SolutionConfigurationPlatforms) = preSolution
		Debug|Any CPU = Debug|Any CPU
		Release|Any CPU = Release|Any CPU
	EndGlobalSection
	GlobalSection(ProjectConfigurationPlatforms) = postSolution
		{ED23A96F-D177-4BBA-8D4C-3DFD138552D2}.Debug|Any CPU.ActiveCfg = Debug|Any CPU
		{ED23A96F-D177-4BBA-8D4C-3DFD138552D2}.Debug|Any CPU.Build.0 = Debug|Any CPU
		{ED23A96F-D177-4BBA-8D4C-3DFD138552D2}.Release|Any CPU.ActiveCfg = Release|Any CPU
		{ED23A96F-D177-4BBA-8D4C-3DFD138552D2}.Release|Any CPU.Build.0 = Release|Any CPU
		{51B46516-CF59-498D-95C1-2B444024863D}.Debug|Any CPU.ActiveCfg = Debug|Any CPU
		{51B46516-CF59-498D-95C1-2B444024863D}.Debug|Any CPU.Build.0 = Debug|Any CPU
		{51B46516-CF59-498D-95C1-2B444024863D}.Release|Any CPU.ActiveCfg = Release|Any CPU
		{51B46516-CF59-498D-95C1-2B444024863D}.Release|Any CPU.Build.0 = Release|Any CPU
	EndGlobalSection
	GlobalSection(SolutionProperties) = preSolution
		HideSolutionNode = FALSE
	EndGlobalSection
	GlobalSection(ExtensibilityGlobals) = postSolution
		SolutionGuid = {3E3D6F57-151E-41D9-833A-7508875CC429}
	EndGlobalSection
EndGlobal
